
Microsoft Visual Studio Solution File, Format Version 12.00
# Visual Studio Version 17
VisualStudioVersion = 17.8.34525.116
MinimumVisualStudioVersion = 10.0.40219.1
Project("{9A19103F-16F7-4668-BE54-9A1E7A4F7556}") = "ATMManagementApp", "ATMManagementApp\ATMManagementApp.csproj", "{FD268F7A-5651-4509-906F-F181DC9BCE95}"
EndProject
Global
	GlobalSection(SolutionConfigurationPlatforms) = preSolution
		Debug|Any CPU = Debug|Any CPU
		Release|Any CPU = Release|Any CPU
	EndGlobalSection
	GlobalSection(ProjectConfigurationPlatforms) = postSolution
		{FD268F7A-5651-4509-906F-F181DC9BCE95}.Debug|Any CPU.ActiveCfg = Debug|Any CPU
		{FD268F7A-5651-4509-906F-F181DC9BCE95}.Debug|Any CPU.Build.0 = Debug|Any CPU
		{FD268F7A-5651-4509-906F-F181DC9BCE95}.Release|Any CPU.ActiveCfg = Release|Any CPU
		{FD268F7A-5651-4509-906F-F181DC9BCE95}.Release|Any CPU.Build.0 = Release|Any CPU
	EndGlobalSection
	GlobalSection(SolutionProperties) = preSolution
		HideSolutionNode = FALSE
	EndGlobalSection
	GlobalSection(ExtensibilityGlobals) = postSolution
		SolutionGuid = {C6FCD45A-CB31-4879-914D-5E0C64FE6FC9}
	EndGlobalSection
EndGlobal
